
Microsoft Visual Studio Solution File, Format Version 12.00
# Visual Studio Version 17
VisualStudioVersion = 17.11.35303.130
MinimumVisualStudioVersion = 10.0.40219.1
Project("{FAE04EC0-301F-11D3-BF4B-00C04F79EFBC}") = "LetterEater", "LetterEater\LetterEater.csproj", "{0CAD49CC-1E9F-4759-86B6-A7D5BBCC1408}"
	ProjectSection(ProjectDependencies) = postProject
		{A8B21EDE-E18D-4677-9E38-389420DBE243} = {A8B21EDE-E18D-4677-9E38-389420DBE243}
		{C9EC53C9-7E57-4BDB-98A2-F908275855A0} = {C9EC53C9-7E57-4BDB-98A2-F908275855A0}
	EndProjectSection
EndProject
Project("{FAE04EC0-301F-11D3-BF4B-00C04F79EFBC}") = "LetterEater.Core", "LetterEater.Core\LetterEater.Core.csproj", "{C9EC53C9-7E57-4BDB-98A2-F908275855A0}"
EndProject
Project("{FAE04EC0-301F-11D3-BF4B-00C04F79EFBC}") = "LetterEater.DataAccess", "LetterEater.DataAccess\LetterEater.DataAccess.csproj", "{C37ABF09-DBE4-4097-83F5-FB13279DE977}"
EndProject
Project("{FAE04EC0-301F-11D3-BF4B-00C04F79EFBC}") = "LetterEater.Application", "LetterEater.Application\LetterEater.Application.csproj", "{A8B21EDE-E18D-4677-9E38-389420DBE243}"
EndProject
Global
	GlobalSection(SolutionConfigurationPlatforms) = preSolution
		Debug|Any CPU = Debug|Any CPU
		Release|Any CPU = Release|Any CPU
	EndGlobalSection
	GlobalSection(ProjectConfigurationPlatforms) = postSolution
		{0CAD49CC-1E9F-4759-86B6-A7D5BBCC1408}.Debug|Any CPU.ActiveCfg = Debug|Any CPU
		{0CAD49CC-1E9F-4759-86B6-A7D5BBCC1408}.Debug|Any CPU.Build.0 = Debug|Any CPU
		{0CAD49CC-1E9F-4759-86B6-A7D5BBCC1408}.Release|Any CPU.ActiveCfg = Release|Any CPU
		{0CAD49CC-1E9F-4759-86B6-A7D5BBCC1408}.Release|Any CPU.Build.0 = Release|Any CPU
		{C9EC53C9-7E57-4BDB-98A2-F908275855A0}.Debug|Any CPU.ActiveCfg = Debug|Any CPU
		{C9EC53C9-7E57-4BDB-98A2-F908275855A0}.Debug|Any CPU.Build.0 = Debug|Any CPU
		{C9EC53C9-7E57-4BDB-98A2-F908275855A0}.Release|Any CPU.ActiveCfg = Release|Any CPU
		{C9EC53C9-7E57-4BDB-98A2-F908275855A0}.Release|Any CPU.Build.0 = Release|Any CPU
		{C37ABF09-DBE4-4097-83F5-FB13279DE977}.Debug|Any CPU.ActiveCfg = Debug|Any CPU
		{C37ABF09-DBE4-4097-83F5-FB13279DE977}.Debug|Any CPU.Build.0 = Debug|Any CPU
		{C37ABF09-DBE4-4097-83F5-FB13279DE977}.Release|Any CPU.ActiveCfg = Release|Any CPU
		{C37ABF09-DBE4-4097-83F5-FB13279DE977}.Release|Any CPU.Build.0 = Release|Any CPU
		{A8B21EDE-E18D-4677-9E38-389420DBE243}.Debug|Any CPU.ActiveCfg = Debug|Any CPU
		{A8B21EDE-E18D-4677-9E38-389420DBE243}.Debug|Any CPU.Build.0 = Debug|Any CPU
		{A8B21EDE-E18D-4677-9E38-389420DBE243}.Release|Any CPU.ActiveCfg = Release|Any CPU
		{A8B21EDE-E18D-4677-9E38-389420DBE243}.Release|Any CPU.Build.0 = Release|Any CPU
	EndGlobalSection
	GlobalSection(SolutionProperties) = preSolution
		HideSolutionNode = FALSE
	EndGlobalSection
	GlobalSection(ExtensibilityGlobals) = postSolution
		SolutionGuid = {D1BBD0D2-35A8-478F-95F5-CB9838F1C082}
	EndGlobalSection
EndGlobal
